// !$*UTF8*$!
{
	archiveVersion = 1;
	classes = {
	};
	objectVersion = 46;
	objects = {

/* Begin PBXBuildFile section */
		F4AED2CB1D77E23000E411DD /* main.m in Sources */ = {isa = PBXBuildFile; fileRef = F4AED2CA1D77E23000E411DD /* main.m */; };
		F4AED2CE1D77E23000E411DD /* AppDelegate.m in Sources */ = {isa = PBXBuildFile; fileRef = F4AED2CD1D77E23000E411DD /* AppDelegate.m */; };
		F4AED2D11D77E23000E411DD /* Start.m in Sources */ = {isa = PBXBuildFile; fileRef = F4AED2D01D77E23000E411DD /* Start.m */; };
		F4AED2D41D77E23000E411DD /* Main.storyboard in Resources */ = {isa = PBXBuildFile; fileRef = F4AED2D21D77E23000E411DD /* Main.storyboard */; };
		F4AED2D71D77E23000E411DD /* ExameniOS.xcdatamodeld in Sources */ = {isa = PBXBuildFile; fileRef = F4AED2D51D77E23000E411DD /* ExameniOS.xcdatamodeld */; };
		F4AED2D91D77E23000E411DD /* Assets.xcassets in Resources */ = {isa = PBXBuildFile; fileRef = F4AED2D81D77E23000E411DD /* Assets.xcassets */; };
		F4AED2DC1D77E23000E411DD /* LaunchScreen.storyboard in Resources */ = {isa = PBXBuildFile; fileRef = F4AED2DA1D77E23000E411DD /* LaunchScreen.storyboard */; };
/* End PBXBuildFile section */

/* Begin PBXFileReference section */
		F4AED2C61D77E23000E411DD /* ExameniOS.app */ = {isa = PBXFileReference; explicitFileType = wrapper.application; includeInIndex = 0; path = ExameniOS.app; sourceTree = BUILT_PRODUCTS_DIR; };
		F4AED2CA1D77E23000E411DD /* main.m */ = {isa = PBXFileReference; lastKnownFileType = sourcecode.c.objc; path = main.m; sourceTree = "<group>"; };
		F4AED2CC1D77E23000E411DD /* AppDelegate.h */ = {isa = PBXFileReference; lastKnownFileType = sourcecode.c.h; path = AppDelegate.h; sourceTree = "<group>"; };
		F4AED2CD1D77E23000E411DD /* AppDelegate.m */ = {isa = PBXFileReference; lastKnownFileType = sourcecode.c.objc; path = AppDelegate.m; sourceTree = "<group>"; };
		F4AED2CF1D77E23000E411DD /* Start.h */ = {isa = PBXFileReference; lastKnownFileType = sourcecode.c.h; path = Start.h; sourceTree = "<group>"; };
		F4AED2D01D77E23000E411DD /* Start.m */ = {isa = PBXFileReference; lastKnownFileType = sourcecode.c.objc; path = Start.m; sourceTree = "<group>"; };
		F4AED2D31D77E23000E411DD /* Base */ = {isa = PBXFileReference; lastKnownFileType = file.storyboard; name = Base; path = Base.lproj/Main.storyboard; sourceTree = "<group>"; };
		F4AED2D61D77E23000E411DD /* ExameniOS.xcdatamodel */ = {isa = PBXFileReference; lastKnownFileType = wrapper.xcdatamodel; path = ExameniOS.xcdatamodel; sourceTree = "<group>"; };
		F4AED2D81D77E23000E411DD /* Assets.xcassets */ = {isa = PBXFileReference; lastKnownFileType = folder.assetcatalog; path = Assets.xcassets; sourceTree = "<group>"; };
		F4AED2DB1D77E23000E411DD /* Base */ = {isa = PBXFileReference; lastKnownFileType = file.storyboard; name = Base; path = Base.lproj/LaunchScreen.storyboard; sourceTree = "<group>"; };
		F4AED2DD1D77E23000E411DD /* Info.plist */ = {isa = PBXFileReference; lastKnownFileType = text.plist.xml; path = Info.plist; sourceTree = "<group>"; };
/* End PBXFileReference section */

/* Begin PBXFrameworksBuildPhase section */
		F4AED2C31D77E23000E411DD /* Frameworks */ = {
			isa = PBXFrameworksBuildPhase;
			buildActionMask = 2147483647;
			files = (
			);
			runOnlyForDeploymentPostprocessing = 0;
		};
/* End PBXFrameworksBuildPhase section */

/* Begin PBXGroup section */
		F4AED2BD1D77E23000E411DD = {
			isa = PBXGroup;
			children = (
				F4AED2C81D77E23000E411DD /* ExameniOS */,
				F4AED2C71D77E23000E411DD /* Products */,
			);
			sourceTree = "<group>";
		};
		F4AED2C71D77E23000E411DD /* Products */ = {
			isa = PBXGroup;
			children = (
				F4AED2C61D77E23000E411DD /* ExameniOS.app */,
			);
			name = Products;
			sourceTree = "<group>";
		};
		F4AED2C81D77E23000E411DD /* ExameniOS */ = {
			isa = PBXGroup;
			children = (
				F4AED2E41D77E24C00E411DD /* Controllers */,
				F4AED2E31D77E24400E411DD /* Main */,
				F4AED2D21D77E23000E411DD /* Main.storyboard */,
				F4AED2D81D77E23000E411DD /* Assets.xcassets */,
				F4AED2DA1D77E23000E411DD /* LaunchScreen.storyboard */,
				F4AED2DD1D77E23000E411DD /* Info.plist */,
				F4AED2D51D77E23000E411DD /* ExameniOS.xcdatamodeld */,
				F4AED2C91D77E23000E411DD /* Supporting Files */,
			);
			path = ExameniOS;
			sourceTree = "<group>";
		};
		F4AED2C91D77E23000E411DD /* Supporting Files */ = {
			isa = PBXGroup;
			children = (
				F4AED2CA1D77E23000E411DD /* main.m */,
			);
			name = "Supporting Files";
			sourceTree = "<group>";
		};
		F4AED2E31D77E24400E411DD /* Main */ = {
			isa = PBXGroup;
			children = (
				F4AED2CD1D77E23000E411DD /* AppDelegate.m */,
				F4AED2CC1D77E23000E411DD /* AppDelegate.h */,
			);
			name = Main;
			sourceTree = "<group>";
		};
		F4AED2E41D77E24C00E411DD /* Controllers */ = {
			isa = PBXGroup;
			children = (
				F4AED2CF1D77E23000E411DD /* Start.h */,
				F4AED2D01D77E23000E411DD /* Start.m */,
			);
			name = Controllers;
			sourceTree = "<group>";
		};
/* End PBXGroup section */

/* Begin PBXNativeTarget section */
		F4AED2C51D77E23000E411DD /* ExameniOS */ = {
			isa = PBXNativeTarget;
			buildConfigurationList = F4AED2E01D77E23000E411DD /* Build configuration list for PBXNativeTarget "ExameniOS" */;
			buildPhases = (
				F4AED2C21D77E23000E411DD /* Sources */,
				F4AED2C31D77E23000E411DD /* Frameworks */,
				F4AED2C41D77E23000E411DD /* Resources */,
			);
			buildRules = (
			);
			dependencies = (
			);
			name = ExameniOS;
			productName = ExameniOS;
			productReference = F4AED2C61D77E23000E411DD /* ExameniOS.app */;
			productType = "com.apple.product-type.application";
		};
/* End PBXNativeTarget section */

/* Begin PBXProject section */
		F4AED2BE1D77E23000E411DD /* Project object */ = {
			isa = PBXProject;
			attributes = {
				LastUpgradeCheck = 0730;
				ORGANIZATIONNAME = KaVa;
				TargetAttributes = {
					F4AED2C51D77E23000E411DD = {
						CreatedOnToolsVersion = 7.3.1;
					};
				};
			};
			buildConfigurationList = F4AED2C11D77E23000E411DD /* Build configuration list for PBXProject "ExameniOS" */;
			compatibilityVersion = "Xcode 3.2";
			developmentRegion = English;
			hasScannedForEncodings = 0;
			knownRegions = (
				en,
				Base,
			);
			mainGroup = F4AED2BD1D77E23000E411DD;
			productRefGroup = F4AED2C71D77E23000E411DD /* Products */;
			projectDirPath = "";
			projectRoot = "";
			targets = (
				F4AED2C51D77E23000E411DD /* ExameniOS */,
			);
		};
/* End PBXProject section */

/* Begin PBXResourcesBuildPhase section */
		F4AED2C41D77E23000E411DD /* Resources */ = {
			isa = PBXResourcesBuildPhase;
			buildActionMask = 2147483647;
			files = (
				F4AED2DC1D77E23000E411DD /* LaunchScreen.storyboard in Resources */,
				F4AED2D91D77E23000E411DD /* Assets.xcassets in Resources */,
				F4AED2D41D77E23000E411DD /* Main.storyboard in Resources */,
			);
			runOnlyForDeploymentPostprocessing = 0;
		};
/* End PBXResourcesBuildPhase section */

/* Begin PBXSourcesBuildPhase section */
		F4AED2C21D77E23000E411DD /* Sources */ = {
			isa = PBXSourcesBuildPhase;
			buildActionMask = 2147483647;
			files = (
				F4AED2D11D77E23000E411DD /* Start.m in Sources */,
				F4AED2CE1D77E23000E411DD /* AppDelegate.m in Sources */,
				F4AED2CB1D77E23000E411DD /* main.m in Sources */,
				F4AED2D71D77E23000E411DD /* ExameniOS.xcdatamodeld in Sources */,
			);
			runOnlyForDeploymentPostprocessing = 0;
		};
/* End PBXSourcesBuildPhase section */

/* Begin PBXVariantGroup section */
		F4AED2D21D77E23000E411DD /* Main.storyboard */ = {
			isa = PBXVariantGroup;
			children = (
				F4AED2D31D77E23000E411DD /* Base */,
			);
			name = Main.storyboard;
			sourceTree = "<group>";
		};
		F4AED2DA1D77E23000E411DD /* LaunchScreen.storyboard */ = {
			isa = PBXVariantGroup;
			children = (
				F4AED2DB1D77E23000E411DD /* Base */,
			);
			name = LaunchScreen.storyboard;
			sourceTree = "<group>";
		};
/* End PBXVariantGroup section */

/* Begin XCBuildConfiguration section */
		F4AED2DE1D77E23000E411DD /* Debug */ = {
			isa = XCBuildConfiguration;
			buildSettings = {
				ALWAYS_SEARCH_USER_PATHS = NO;
				CLANG_ANALYZER_NONNULL = YES;
				CLANG_CXX_LANGUAGE_STANDARD = "gnu++0x";
				CLANG_CXX_LIBRARY = "libc++";
				CLANG_ENABLE_MODULES = YES;
				CLANG_ENABLE_OBJC_ARC = YES;
				CLANG_WARN_BOOL_CONVERSION = YES;
				CLANG_WARN_CONSTANT_CONVERSION = YES;
				CLANG_WARN_DIRECT_OBJC_ISA_USAGE = YES_ERROR;
				CLANG_WARN_EMPTY_BODY = YES;
				CLANG_WARN_ENUM_CONVERSION = YES;
				CLANG_WARN_INT_CONVERSION = YES;
				CLANG_WARN_OBJC_ROOT_CLASS = YES_ERROR;
				CLANG_WARN_UNREACHABLE_CODE = YES;
				CLANG_WARN__DUPLICATE_METHOD_MATCH = YES;
				"CODE_SIGN_IDENTITY[sdk=iphoneos*]" = "iPhone Developer";
				COPY_PHASE_STRIP = NO;
				DEBUG_INFORMATION_FORMAT = dwarf;
				ENABLE_STRICT_OBJC_MSGSEND = YES;
				ENABLE_TESTABILITY = YES;
				GCC_C_LANGUAGE_STANDARD = gnu99;
				GCC_DYNAMIC_NO_PIC = NO;
				GCC_NO_COMMON_BLOCKS = YES;
				GCC_OPTIMIZATION_LEVEL = 0;
				GCC_PREPROCESSOR_DEFINITIONS = (
					"DEBUG=1",
					"$(inherited)",
				);
				GCC_WARN_64_TO_32_BIT_CONVERSION = YES;
				GCC_WARN_ABOUT_RETURN_TYPE = YES_ERROR;
				GCC_WARN_UNDECLARED_SELECTOR = YES;
				GCC_WARN_UNINITIALIZED_AUTOS = YES_AGGRESSIVE;
				GCC_WARN_UNUSED_FUNCTION = YES;
				GCC_WARN_UNUSED_VARIABLE = YES;
				IPHONEOS_DEPLOYMENT_TARGET = 9.3;
				MTL_ENABLE_DEBUG_INFO = YES;
				ONLY_ACTIVE_ARCH = YES;
				SDKROOT = iphoneos;
			};
			name = Debug;
		};
		F4AED2DF1D77E23000E411DD /* Release */ = {
			isa = XCBuildConfiguration;
			buildSettings = {
				ALWAYS_SEARCH_USER_PATHS = NO;
				CLANG_ANALYZER_NONNULL = YES;
				CLANG_CXX_LANGUAGE_STANDARD = "gnu++0x";
				CLANG_CXX_LIBRARY = "libc++";
				CLANG_ENABLE_MODULES = YES;
				CLANG_ENABLE_OBJC_ARC = YES;
				CLANG_WARN_BOOL_CONVERSION = YES;
				CLANG_WARN_CONSTANT_CONVERSION = YES;
				CLANG_WARN_DIRECT_OBJC_ISA_USAGE = YES_ERROR;
				CLANG_WARN_EMPTY_BODY = YES;
				CLANG_WARN_ENUM_CONVERSION = YES;
				CLANG_WARN_INT_CONVERSION = YES;
				CLANG_WARN_OBJC_ROOT_CLASS = YES_ERROR;
				CLANG_WARN_UNREACHABLE_CODE = YES;
				CLANG_WARN__DUPLICATE_METHOD_MATCH = YES;
				"CODE_SIGN_IDENTITY[sdk=iphoneos*]" = "iPhone Developer";
				COPY_PHASE_STRIP = NO;
				DEBUG_INFORMATION_FORMAT = "dwarf-with-dsym";
				ENABLE_NS_ASSERTIONS = NO;
				ENABLE_STRICT_OBJC_MSGSEND = YES;
				GCC_C_LANGUAGE_STANDARD = gnu99;
				GCC_NO_COMMON_BLOCKS = YES;
				GCC_WARN_64_TO_32_BIT_CONVERSION = YES;
				GCC_WARN_ABOUT_RETURN_TYPE = YES_ERROR;
				GCC_WARN_UNDECLARED_SELECTOR = YES;
				GCC_WARN_UNINITIALIZED_AUTOS = YES_AGGRESSIVE;
				GCC_WARN_UNUSED_FUNCTION = YES;
				GCC_WARN_UNUSED_VARIABLE = YES;
				IPHONEOS_DEPLOYMENT_TARGET = 9.3;
				MTL_ENABLE_DEBUG_INFO = NO;
				SDKROOT = iphoneos;
				VALIDATE_PRODUCT = YES;
			};
			name = Release;
		};
		F4AED2E11D77E23000E411DD /* Debug */ = {
			isa = XCBuildConfiguration;
			buildSettings = {
				ASSETCATALOG_COMPILER_APPICON_NAME = AppIcon;
				INFOPLIST_FILE = ExameniOS/Info.plist;
				LD_RUNPATH_SEARCH_PATHS = "$(inherited) @executable_path/Frameworks";
				PRODUCT_BUNDLE_IDENTIFIER = com.KaVa.ExameniOS;
				PRODUCT_NAME = "$(TARGET_NAME)";
			};
			name = Debug;
		};
		F4AED2E21D77E23000E411DD /* Release */ = {
			isa = XCBuildConfiguration;
			buildSettings = {
				ASSETCATALOG_COMPILER_APPICON_NAME = AppIcon;
				INFOPLIST_FILE = ExameniOS/Info.plist;
				LD_RUNPATH_SEARCH_PATHS = "$(inherited) @executable_path/Frameworks";
				PRODUCT_BUNDLE_IDENTIFIER = com.KaVa.ExameniOS;
				PRODUCT_NAME = "$(TARGET_NAME)";
			};
			name = Release;
		};
/* End XCBuildConfiguration section */

/* Begin XCConfigurationList section */
		F4AED2C11D77E23000E411DD /* Build configuration list for PBXProject "ExameniOS" */ = {
			isa = XCConfigurationList;
			buildConfigurations = (
				F4AED2DE1D77E23000E411DD /* Debug */,
				F4AED2DF1D77E23000E411DD /* Release */,
			);
			defaultConfigurationIsVisible = 0;
			defaultConfigurationName = Release;
		};
		F4AED2E01D77E23000E411DD /* Build configuration list for PBXNativeTarget "ExameniOS" */ = {
			isa = XCConfigurationList;
			buildConfigurations = (
				F4AED2E11D77E23000E411DD /* Debug */,
				F4AED2E21D77E23000E411DD /* Release */,
			);
			defaultConfigurationIsVisible = 0;
		};
/* End XCConfigurationList section */

/* Begin XCVersionGroup section */
		F4AED2D51D77E23000E411DD /* ExameniOS.xcdatamodeld */ = {
			isa = XCVersionGroup;
			children = (
				F4AED2D61D77E23000E411DD /* ExameniOS.xcdatamodel */,
			);
			currentVersion = F4AED2D61D77E23000E411DD /* ExameniOS.xcdatamodel */;
			path = ExameniOS.xcdatamodeld;
			sourceTree = "<group>";
			versionGroupType = wrapper.xcdatamodel;
		};
/* End XCVersionGroup section */
	};
	rootObject = F4AED2BE1D77E23000E411DD /* Project object */;
}
